// !$*UTF8*$!
{
	archiveVersion = 1;
	classes = {
	};
	objectVersion = 46;
	objects = {

/* Begin PBXBuildFile section */
		A0317CE31C27ECCB00D4E3D8 /* AppDelegate.swift in Sources */ = {isa = PBXBuildFile; fileRef = A0317CE21C27ECCB00D4E3D8 /* AppDelegate.swift */; };
		A0317CE51C27ECCB00D4E3D8 /* FirstViewController.swift in Sources */ = {isa = PBXBuildFile; fileRef = A0317CE41C27ECCB00D4E3D8 /* FirstViewController.swift */; };
		A0317CE71C27ECCB00D4E3D8 /* SecondViewController.swift in Sources */ = {isa = PBXBuildFile; fileRef = A0317CE61C27ECCB00D4E3D8 /* SecondViewController.swift */; };
		A0317CEA1C27ECCB00D4E3D8 /* Main.storyboard in Resources */ = {isa = PBXBuildFile; fileRef = A0317CE81C27ECCB00D4E3D8 /* Main.storyboard */; };
		A0317CEC1C27ECCB00D4E3D8 /* Assets.xcassets in Resources */ = {isa = PBXBuildFile; fileRef = A0317CEB1C27ECCB00D4E3D8 /* Assets.xcassets */; };
		A0317CEF1C27ECCB00D4E3D8 /* LaunchScreen.storyboard in Resources */ = {isa = PBXBuildFile; fileRef = A0317CED1C27ECCB00D4E3D8 /* LaunchScreen.storyboard */; };
		A03B0F6D1C2811D600619A27 /* ThingsCollectionVC.swift in Sources */ = {isa = PBXBuildFile; fileRef = A03B0F6C1C2811D600619A27 /* ThingsCollectionVC.swift */; };
		A03B0F6F1C2811F100619A27 /* HomeTableVC.swift in Sources */ = {isa = PBXBuildFile; fileRef = A03B0F6E1C2811F100619A27 /* HomeTableVC.swift */; };
		A03B0F711C28121200619A27 /* ProfileTableVC.swift in Sources */ = {isa = PBXBuildFile; fileRef = A03B0F701C28121200619A27 /* ProfileTableVC.swift */; };
		A03B0F731C28122700619A27 /* QuanziTableVC.swift in Sources */ = {isa = PBXBuildFile; fileRef = A03B0F721C28122700619A27 /* QuanziTableVC.swift */; };
		A03B0F751C28124900619A27 /* DiscoverVC.swift in Sources */ = {isa = PBXBuildFile; fileRef = A03B0F741C28124900619A27 /* DiscoverVC.swift */; };
		A03B0F781C28152C00619A27 /* TabBarVC.swift in Sources */ = {isa = PBXBuildFile; fileRef = A03B0F771C28152C00619A27 /* TabBarVC.swift */; };
		A076CDAD1C2BC43400493310 /* ThingsTableViewCell.xib in Resources */ = {isa = PBXBuildFile; fileRef = A076CDAC1C2BC43400493310 /* ThingsTableViewCell.xib */; };
		A076CDB01C2BCB3300493310 /* ThingsTableCell.swift in Sources */ = {isa = PBXBuildFile; fileRef = A076CDAE1C2BCB3300493310 /* ThingsTableCell.swift */; };
		A076CDB11C2BCB3300493310 /* ThingsTableCell.xib in Resources */ = {isa = PBXBuildFile; fileRef = A076CDAF1C2BCB3300493310 /* ThingsTableCell.xib */; };
		A0D47FB01C2948BC00A6B68F /* ThingsTableVC.swift in Sources */ = {isa = PBXBuildFile; fileRef = A0D47FAF1C2948BC00A6B68F /* ThingsTableVC.swift */; };
		A0E947271C2A8D7000AFE810 /* Author.swift in Sources */ = {isa = PBXBuildFile; fileRef = A0E9471B1C2A8D7000AFE810 /* Author.swift */; };
		A0E947281C2A8D7000AFE810 /* Channel.swift in Sources */ = {isa = PBXBuildFile; fileRef = A0E9471C1C2A8D7000AFE810 /* Channel.swift */; };
		A0E947291C2A8D7000AFE810 /* Contents.swift in Sources */ = {isa = PBXBuildFile; fileRef = A0E9471D1C2A8D7000AFE810 /* Contents.swift */; };
		A0E9472A1C2A8D7000AFE810 /* Hot_tags.swift in Sources */ = {isa = PBXBuildFile; fileRef = A0E9471E1C2A8D7000AFE810 /* Hot_tags.swift */; };
		A0E9472B1C2A8D7000AFE810 /* Images.swift in Sources */ = {isa = PBXBuildFile; fileRef = A0E9471F1C2A8D7000AFE810 /* Images.swift */; };
		A0E9472C1C2A8D7000AFE810 /* Json4Swift_Base.swift in Sources */ = {isa = PBXBuildFile; fileRef = A0E947201C2A8D7000AFE810 /* Json4Swift_Base.swift */; };
		A0E9472D1C2A8D7000AFE810 /* Large.swift in Sources */ = {isa = PBXBuildFile; fileRef = A0E947211C2A8D7000AFE810 /* Large.swift */; };
		A0E9472E1C2A8D7000AFE810 /* Last_content.swift in Sources */ = {isa = PBXBuildFile; fileRef = A0E947221C2A8D7000AFE810 /* Last_content.swift */; };
		A0E9472F1C2A8D7000AFE810 /* Loc.swift in Sources */ = {isa = PBXBuildFile; fileRef = A0E947231C2A8D7000AFE810 /* Loc.swift */; };
		A0E947301C2A8D7000AFE810 /* Normal.swift in Sources */ = {isa = PBXBuildFile; fileRef = A0E947241C2A8D7000AFE810 /* Normal.swift */; };
		A0E947311C2A8D7000AFE810 /* Recommend_comments.swift in Sources */ = {isa = PBXBuildFile; fileRef = A0E947251C2A8D7000AFE810 /* Recommend_comments.swift */; };
		A0E947321C2A8D7000AFE810 /* Sorted_tabs.swift in Sources */ = {isa = PBXBuildFile; fileRef = A0E947261C2A8D7000AFE810 /* Sorted_tabs.swift */; };
		A0E947351C2A9C8E00AFE810 /* ThingsTableViewCell.swift in Sources */ = {isa = PBXBuildFile; fileRef = A0E947341C2A9C8E00AFE810 /* ThingsTableViewCell.swift */; };
		DD44F7C990124D1A2F13A0D5 /* Pods.framework in Frameworks */ = {isa = PBXBuildFile; fileRef = C0D288B3B4ADA3C3986A28EB /* Pods.framework */; };
/* End PBXBuildFile section */

/* Begin PBXFileReference section */
		10EC2287BCF5A3DFE28D11A6 /* Pods.release.xcconfig */ = {isa = PBXFileReference; includeInIndex = 1; lastKnownFileType = text.xcconfig; name = Pods.release.xcconfig; path = "Pods/Target Support Files/Pods/Pods.release.xcconfig"; sourceTree = "<group>"; };
		611F472A8DE11766548F17B1 /* Pods.debug.xcconfig */ = {isa = PBXFileReference; includeInIndex = 1; lastKnownFileType = text.xcconfig; name = Pods.debug.xcconfig; path = "Pods/Target Support Files/Pods/Pods.debug.xcconfig"; sourceTree = "<group>"; };
		A0317CDF1C27ECCB00D4E3D8 /* Douban-Swift.app */ = {isa = PBXFileReference; explicitFileType = wrapper.application; includeInIndex = 0; path = "Douban-Swift.app"; sourceTree = BUILT_PRODUCTS_DIR; };
		A0317CE21C27ECCB00D4E3D8 /* AppDelegate.swift */ = {isa = PBXFileReference; lastKnownFileType = sourcecode.swift; path = AppDelegate.swift; sourceTree = "<group>"; };
		A0317CE41C27ECCB00D4E3D8 /* FirstViewController.swift */ = {isa = PBXFileReference; lastKnownFileType = sourcecode.swift; path = FirstViewController.swift; sourceTree = "<group>"; };
		A0317CE61C27ECCB00D4E3D8 /* SecondViewController.swift */ = {isa = PBXFileReference; lastKnownFileType = sourcecode.swift; path = SecondViewController.swift; sourceTree = "<group>"; };
		A0317CE91C27ECCB00D4E3D8 /* Base */ = {isa = PBXFileReference; lastKnownFileType = file.storyboard; name = Base; path = Base.lproj/Main.storyboard; sourceTree = "<group>"; };
		A0317CEB1C27ECCB00D4E3D8 /* Assets.xcassets */ = {isa = PBXFileReference; lastKnownFileType = folder.assetcatalog; path = Assets.xcassets; sourceTree = "<group>"; };
		A0317CEE1C27ECCB00D4E3D8 /* Base */ = {isa = PBXFileReference; lastKnownFileType = file.storyboard; name = Base; path = Base.lproj/LaunchScreen.storyboard; sourceTree = "<group>"; };
		A0317CF01C27ECCB00D4E3D8 /* Info.plist */ = {isa = PBXFileReference; lastKnownFileType = text.plist.xml; path = Info.plist; sourceTree = "<group>"; };
		A03B0F6C1C2811D600619A27 /* ThingsCollectionVC.swift */ = {isa = PBXFileReference; fileEncoding = 4; lastKnownFileType = sourcecode.swift; path = ThingsCollectionVC.swift; sourceTree = "<group>"; };
		A03B0F6E1C2811F100619A27 /* HomeTableVC.swift */ = {isa = PBXFileReference; fileEncoding = 4; lastKnownFileType = sourcecode.swift; path = HomeTableVC.swift; sourceTree = "<group>"; };
		A03B0F701C28121200619A27 /* ProfileTableVC.swift */ = {isa = PBXFileReference; fileEncoding = 4; lastKnownFileType = sourcecode.swift; path = ProfileTableVC.swift; sourceTree = "<group>"; };
		A03B0F721C28122700619A27 /* QuanziTableVC.swift */ = {isa = PBXFileReference; fileEncoding = 4; lastKnownFileType = sourcecode.swift; path = QuanziTableVC.swift; sourceTree = "<group>"; };
		A03B0F741C28124900619A27 /* DiscoverVC.swift */ = {isa = PBXFileReference; fileEncoding = 4; lastKnownFileType = sourcecode.swift; path = DiscoverVC.swift; sourceTree = "<group>"; };
		A03B0F771C28152C00619A27 /* TabBarVC.swift */ = {isa = PBXFileReference; fileEncoding = 4; lastKnownFileType = sourcecode.swift; path = TabBarVC.swift; sourceTree = "<group>"; };
		A076CDAC1C2BC43400493310 /* ThingsTableViewCell.xib */ = {isa = PBXFileReference; fileEncoding = 4; lastKnownFileType = file.xib; path = ThingsTableViewCell.xib; sourceTree = "<group>"; };
		A076CDAE1C2BCB3300493310 /* ThingsTableCell.swift */ = {isa = PBXFileReference; fileEncoding = 4; lastKnownFileType = sourcecode.swift; path = ThingsTableCell.swift; sourceTree = "<group>"; };
		A076CDAF1C2BCB3300493310 /* ThingsTableCell.xib */ = {isa = PBXFileReference; fileEncoding = 4; lastKnownFileType = file.xib; path = ThingsTableCell.xib; sourceTree = "<group>"; };
		A0D47FAF1C2948BC00A6B68F /* ThingsTableVC.swift */ = {isa = PBXFileReference; fileEncoding = 4; lastKnownFileType = sourcecode.swift; path = ThingsTableVC.swift; sourceTree = "<group>"; };
		A0E9471B1C2A8D7000AFE810 /* Author.swift */ = {isa = PBXFileReference; fileEncoding = 4; lastKnownFileType = sourcecode.swift; path = Author.swift; sourceTree = "<group>"; };
		A0E9471C1C2A8D7000AFE810 /* Channel.swift */ = {isa = PBXFileReference; fileEncoding = 4; lastKnownFileType = sourcecode.swift; path = Channel.swift; sourceTree = "<group>"; };
		A0E9471D1C2A8D7000AFE810 /* Contents.swift */ = {isa = PBXFileReference; fileEncoding = 4; lastKnownFileType = sourcecode.swift; path = Contents.swift; sourceTree = "<group>"; };
		A0E9471E1C2A8D7000AFE810 /* Hot_tags.swift */ = {isa = PBXFileReference; fileEncoding = 4; lastKnownFileType = sourcecode.swift; path = Hot_tags.swift; sourceTree = "<group>"; };
		A0E9471F1C2A8D7000AFE810 /* Images.swift */ = {isa = PBXFileReference; fileEncoding = 4; lastKnownFileType = sourcecode.swift; path = Images.swift; sourceTree = "<group>"; };
		A0E947201C2A8D7000AFE810 /* Json4Swift_Base.swift */ = {isa = PBXFileReference; fileEncoding = 4; lastKnownFileType = sourcecode.swift; path = Json4Swift_Base.swift; sourceTree = "<group>"; };
		A0E947211C2A8D7000AFE810 /* Large.swift */ = {isa = PBXFileReference; fileEncoding = 4; lastKnownFileType = sourcecode.swift; path = Large.swift; sourceTree = "<group>"; };
		A0E947221C2A8D7000AFE810 /* Last_content.swift */ = {isa = PBXFileReference; fileEncoding = 4; lastKnownFileType = sourcecode.swift; path = Last_content.swift; sourceTree = "<group>"; };
		A0E947231C2A8D7000AFE810 /* Loc.swift */ = {isa = PBXFileReference; fileEncoding = 4; lastKnownFileType = sourcecode.swift; path = Loc.swift; sourceTree = "<group>"; };
		A0E947241C2A8D7000AFE810 /* Normal.swift */ = {isa = PBXFileReference; fileEncoding = 4; lastKnownFileType = sourcecode.swift; path = Normal.swift; sourceTree = "<group>"; };
		A0E947251C2A8D7000AFE810 /* Recommend_comments.swift */ = {isa = PBXFileReference; fileEncoding = 4; lastKnownFileType = sourcecode.swift; path = Recommend_comments.swift; sourceTree = "<group>"; };
		A0E947261C2A8D7000AFE810 /* Sorted_tabs.swift */ = {isa = PBXFileReference; fileEncoding = 4; lastKnownFileType = sourcecode.swift; path = Sorted_tabs.swift; sourceTree = "<group>"; };
		A0E947341C2A9C8E00AFE810 /* ThingsTableViewCell.swift */ = {isa = PBXFileReference; fileEncoding = 4; lastKnownFileType = sourcecode.swift; path = ThingsTableViewCell.swift; sourceTree = "<group>"; };
		C0D288B3B4ADA3C3986A28EB /* Pods.framework */ = {isa = PBXFileReference; explicitFileType = wrapper.framework; includeInIndex = 0; path = Pods.framework; sourceTree = BUILT_PRODUCTS_DIR; };
/* End PBXFileReference section */

/* Begin PBXFrameworksBuildPhase section */
		A0317CDC1C27ECCB00D4E3D8 /* Frameworks */ = {
			isa = PBXFrameworksBuildPhase;
			buildActionMask = 2147483647;
			files = (
				DD44F7C990124D1A2F13A0D5 /* Pods.framework in Frameworks */,
			);
			runOnlyForDeploymentPostprocessing = 0;
		};
/* End PBXFrameworksBuildPhase section */

/* Begin PBXGroup section */
		A0317CD61C27ECCB00D4E3D8 = {
			isa = PBXGroup;
			children = (
				A0317CE11C27ECCB00D4E3D8 /* Douban-Swift */,
				A0317CE01C27ECCB00D4E3D8 /* Products */,
				ED89F04A4C396E87E1E511E3 /* Pods */,
				DAA14A42EB766528F5A4DFC5 /* Frameworks */,
			);
			sourceTree = "<group>";
		};
		A0317CE01C27ECCB00D4E3D8 /* Products */ = {
			isa = PBXGroup;
			children = (
				A0317CDF1C27ECCB00D4E3D8 /* Douban-Swift.app */,
			);
			name = Products;
			sourceTree = "<group>";
		};
		A0317CE11C27ECCB00D4E3D8 /* Douban-Swift */ = {
			isa = PBXGroup;
			children = (
				A03B0F651C2810E700619A27 /* Classes */,
				A0317CE81C27ECCB00D4E3D8 /* Main.storyboard */,
				A0317CEB1C27ECCB00D4E3D8 /* Assets.xcassets */,
				A0317CED1C27ECCB00D4E3D8 /* LaunchScreen.storyboard */,
				A0317CE21C27ECCB00D4E3D8 /* AppDelegate.swift */,
				A03B0F661C2810F000619A27 /* Useless */,
			);
			path = "Douban-Swift";
			sourceTree = "<group>";
		};
		A03B0F651C2810E700619A27 /* Classes */ = {
			isa = PBXGroup;
			children = (
				A03B0F761C28149F00619A27 /* TabBar */,
				A03B0F6B1C28119D00619A27 /* Profile 我的 */,
				A03B0F6A1C28118E00619A27 /* Quanzi 圈子 */,
				A03B0F691C28118300619A27 /* Discover 书影音 */,
				A03B0F681C28117400619A27 /* Home 精选 */,
				A03B0F671C28116400619A27 /* Things 首页 */,
			);
			name = Classes;
			sourceTree = "<group>";
		};
		A03B0F661C2810F000619A27 /* Useless */ = {
			isa = PBXGroup;
			children = (
				A0317CE41C27ECCB00D4E3D8 /* FirstViewController.swift */,
				A0317CE61C27ECCB00D4E3D8 /* SecondViewController.swift */,
				A0317CF01C27ECCB00D4E3D8 /* Info.plist */,
			);
			name = Useless;
			sourceTree = "<group>";
		};
		A03B0F671C28116400619A27 /* Things 首页 */ = {
			isa = PBXGroup;
			children = (
				A0E947331C2A9C6D00AFE810 /* Views */,
				A0D47FB41C294AA600A6B68F /* Model */,
				A03B0F6C1C2811D600619A27 /* ThingsCollectionVC.swift */,
				A0D47FAF1C2948BC00A6B68F /* ThingsTableVC.swift */,
			);
			name = "Things 首页";
			sourceTree = "<group>";
		};
		A03B0F681C28117400619A27 /* Home 精选 */ = {
			isa = PBXGroup;
			children = (
				A03B0F6E1C2811F100619A27 /* HomeTableVC.swift */,
			);
			name = "Home 精选";
			sourceTree = "<group>";
		};
		A03B0F691C28118300619A27 /* Discover 书影音 */ = {
			isa = PBXGroup;
			children = (
				A03B0F741C28124900619A27 /* DiscoverVC.swift */,
			);
			name = "Discover 书影音";
			sourceTree = "<group>";
		};
		A03B0F6A1C28118E00619A27 /* Quanzi 圈子 */ = {
			isa = PBXGroup;
			children = (
				A03B0F721C28122700619A27 /* QuanziTableVC.swift */,
			);
			name = "Quanzi 圈子";
			sourceTree = "<group>";
		};
		A03B0F6B1C28119D00619A27 /* Profile 我的 */ = {
			isa = PBXGroup;
			children = (
				A03B0F701C28121200619A27 /* ProfileTableVC.swift */,
			);
			name = "Profile 我的";
			sourceTree = "<group>";
		};
		A03B0F761C28149F00619A27 /* TabBar */ = {
			isa = PBXGroup;
			children = (
				A03B0F771C28152C00619A27 /* TabBarVC.swift */,
			);
			name = TabBar;
			sourceTree = "<group>";
		};
		A0D47FB41C294AA600A6B68F /* Model */ = {
			isa = PBXGroup;
			children = (
				A0E9471B1C2A8D7000AFE810 /* Author.swift */,
				A0E9471C1C2A8D7000AFE810 /* Channel.swift */,
				A0E9471D1C2A8D7000AFE810 /* Contents.swift */,
				A0E9471E1C2A8D7000AFE810 /* Hot_tags.swift */,
				A0E9471F1C2A8D7000AFE810 /* Images.swift */,
				A0E947201C2A8D7000AFE810 /* Json4Swift_Base.swift */,
				A0E947211C2A8D7000AFE810 /* Large.swift */,
				A0E947221C2A8D7000AFE810 /* Last_content.swift */,
				A0E947231C2A8D7000AFE810 /* Loc.swift */,
				A0E947241C2A8D7000AFE810 /* Normal.swift */,
				A0E947251C2A8D7000AFE810 /* Recommend_comments.swift */,
				A0E947261C2A8D7000AFE810 /* Sorted_tabs.swift */,
			);
			name = Model;
			sourceTree = "<group>";
		};
		A0E947331C2A9C6D00AFE810 /* Views */ = {
			isa = PBXGroup;
			children = (
				A0E947341C2A9C8E00AFE810 /* ThingsTableViewCell.swift */,
				A076CDAC1C2BC43400493310 /* ThingsTableViewCell.xib */,
				A076CDAE1C2BCB3300493310 /* ThingsTableCell.swift */,
				A076CDAF1C2BCB3300493310 /* ThingsTableCell.xib */,
			);
			name = Views;
			sourceTree = "<group>";
		};
		DAA14A42EB766528F5A4DFC5 /* Frameworks */ = {
			isa = PBXGroup;
			children = (
				C0D288B3B4ADA3C3986A28EB /* Pods.framework */,
			);
			name = Frameworks;
			sourceTree = "<group>";
		};
		ED89F04A4C396E87E1E511E3 /* Pods */ = {
			isa = PBXGroup;
			children = (
				611F472A8DE11766548F17B1 /* Pods.debug.xcconfig */,
				10EC2287BCF5A3DFE28D11A6 /* Pods.release.xcconfig */,
			);
			name = Pods;
			sourceTree = "<group>";
		};
/* End PBXGroup section */

/* Begin PBXNativeTarget section */
		A0317CDE1C27ECCB00D4E3D8 /* Douban-Swift */ = {
			isa = PBXNativeTarget;
			buildConfigurationList = A0317CF31C27ECCB00D4E3D8 /* Build configuration list for PBXNativeTarget "Douban-Swift" */;
			buildPhases = (
				9010B18D05999B8D36A8F7E5 /* Check Pods Manifest.lock */,
				A0317CDB1C27ECCB00D4E3D8 /* Sources */,
				A0317CDC1C27ECCB00D4E3D8 /* Frameworks */,
				A0317CDD1C27ECCB00D4E3D8 /* Resources */,
				2024D884308AEBB95A443330 /* Embed Pods Frameworks */,
				272687ADE4DA82843FB12D3C /* Copy Pods Resources */,
			);
			buildRules = (
			);
			dependencies = (
			);
			name = "Douban-Swift";
			productName = "Douban-Swift";
			productReference = A0317CDF1C27ECCB00D4E3D8 /* Douban-Swift.app */;
			productType = "com.apple.product-type.application";
		};
/* End PBXNativeTarget section */

/* Begin PBXProject section */
		A0317CD71C27ECCB00D4E3D8 /* Project object */ = {
			isa = PBXProject;
			attributes = {
				LastSwiftUpdateCheck = 0720;
				LastUpgradeCheck = 0720;
				ORGANIZATIONNAME = d0ye;
				TargetAttributes = {
					A0317CDE1C27ECCB00D4E3D8 = {
						CreatedOnToolsVersion = 7.2;
					};
				};
			};
			buildConfigurationList = A0317CDA1C27ECCB00D4E3D8 /* Build configuration list for PBXProject "Douban-Swift" */;
			compatibilityVersion = "Xcode 3.2";
			developmentRegion = English;
			hasScannedForEncodings = 0;
			knownRegions = (
				en,
				Base,
			);
			mainGroup = A0317CD61C27ECCB00D4E3D8;
			productRefGroup = A0317CE01C27ECCB00D4E3D8 /* Products */;
			projectDirPath = "";
			projectRoot = "";
			targets = (
				A0317CDE1C27ECCB00D4E3D8 /* Douban-Swift */,
			);
		};
/* End PBXProject section */

/* Begin PBXResourcesBuildPhase section */
		A0317CDD1C27ECCB00D4E3D8 /* Resources */ = {
			isa = PBXResourcesBuildPhase;
			buildActionMask = 2147483647;
			files = (
				A076CDAD1C2BC43400493310 /* ThingsTableViewCell.xib in Resources */,
				A0317CEF1C27ECCB00D4E3D8 /* LaunchScreen.storyboard in Resources */,
				A076CDB11C2BCB3300493310 /* ThingsTableCell.xib in Resources */,
				A0317CEC1C27ECCB00D4E3D8 /* Assets.xcassets in Resources */,
				A0317CEA1C27ECCB00D4E3D8 /* Main.storyboard in Resources */,
			);
			runOnlyForDeploymentPostprocessing = 0;
		};
/* End PBXResourcesBuildPhase section */

/* Begin PBXShellScriptBuildPhase section */
		2024D884308AEBB95A443330 /* Embed Pods Frameworks */ = {
			isa = PBXShellScriptBuildPhase;
			buildActionMask = 2147483647;
			files = (
			);
			inputPaths = (
			);
			name = "Embed Pods Frameworks";
			outputPaths = (
			);
			runOnlyForDeploymentPostprocessing = 0;
			shellPath = /bin/sh;
			shellScript = "\"${SRCROOT}/Pods/Target Support Files/Pods/Pods-frameworks.sh\"\n";
			showEnvVarsInLog = 0;
		};
		272687ADE4DA82843FB12D3C /* Copy Pods Resources */ = {
			isa = PBXShellScriptBuildPhase;
			buildActionMask = 2147483647;
			files = (
			);
			inputPaths = (
			);
			name = "Copy Pods Resources";
			outputPaths = (
			);
			runOnlyForDeploymentPostprocessing = 0;
			shellPath = /bin/sh;
			shellScript = "\"${SRCROOT}/Pods/Target Support Files/Pods/Pods-resources.sh\"\n";
			showEnvVarsInLog = 0;
		};
		9010B18D05999B8D36A8F7E5 /* Check Pods Manifest.lock */ = {
			isa = PBXShellScriptBuildPhase;
			buildActionMask = 2147483647;
			files = (
			);
			inputPaths = (
			);
			name = "Check Pods Manifest.lock";
			outputPaths = (
			);
			runOnlyForDeploymentPostprocessing = 0;
			shellPath = /bin/sh;
			shellScript = "diff \"${PODS_ROOT}/../Podfile.lock\" \"${PODS_ROOT}/Manifest.lock\" > /dev/null\nif [[ $? != 0 ]] ; then\n    cat << EOM\nerror: The sandbox is not in sync with the Podfile.lock. Run 'pod install' or update your CocoaPods installation.\nEOM\n    exit 1\nfi\n";
			showEnvVarsInLog = 0;
		};
/* End PBXShellScriptBuildPhase section */

/* Begin PBXSourcesBuildPhase section */
		A0317CDB1C27ECCB00D4E3D8 /* Sources */ = {
			isa = PBXSourcesBuildPhase;
			buildActionMask = 2147483647;
			files = (
				A0E947311C2A8D7000AFE810 /* Recommend_comments.swift in Sources */,
				A0317CE71C27ECCB00D4E3D8 /* SecondViewController.swift in Sources */,
				A0E947281C2A8D7000AFE810 /* Channel.swift in Sources */,
				A03B0F711C28121200619A27 /* ProfileTableVC.swift in Sources */,
				A03B0F6D1C2811D600619A27 /* ThingsCollectionVC.swift in Sources */,
				A076CDB01C2BCB3300493310 /* ThingsTableCell.swift in Sources */,
				A0E9472A1C2A8D7000AFE810 /* Hot_tags.swift in Sources */,
				A0E9472E1C2A8D7000AFE810 /* Last_content.swift in Sources */,
				A0E9472C1C2A8D7000AFE810 /* Json4Swift_Base.swift in Sources */,
				A03B0F751C28124900619A27 /* DiscoverVC.swift in Sources */,
				A03B0F781C28152C00619A27 /* TabBarVC.swift in Sources */,
				A0E9472B1C2A8D7000AFE810 /* Images.swift in Sources */,
				A0317CE31C27ECCB00D4E3D8 /* AppDelegate.swift in Sources */,
				A0D47FB01C2948BC00A6B68F /* ThingsTableVC.swift in Sources */,
				A0E947271C2A8D7000AFE810 /* Author.swift in Sources */,
				A0E947321C2A8D7000AFE810 /* Sorted_tabs.swift in Sources */,
				A03B0F731C28122700619A27 /* QuanziTableVC.swift in Sources */,
				A0E9472F1C2A8D7000AFE810 /* Loc.swift in Sources */,
				A0317CE51C27ECCB00D4E3D8 /* FirstViewController.swift in Sources */,
				A0E947301C2A8D7000AFE810 /* Normal.swift in Sources */,
				A0E947291C2A8D7000AFE810 /* Contents.swift in Sources */,
				A0E9472D1C2A8D7000AFE810 /* Large.swift in Sources */,
				A03B0F6F1C2811F100619A27 /* HomeTableVC.swift in Sources */,
				A0E947351C2A9C8E00AFE810 /* ThingsTableViewCell.swift in Sources */,
			);
			runOnlyForDeploymentPostprocessing = 0;
		};
/* End PBXSourcesBuildPhase section */

/* Begin PBXVariantGroup section */
		A0317CE81C27ECCB00D4E3D8 /* Main.storyboard */ = {
			isa = PBXVariantGroup;
			children = (
				A0317CE91C27ECCB00D4E3D8 /* Base */,
			);
			name = Main.storyboard;
			sourceTree = "<group>";
		};
		A0317CED1C27ECCB00D4E3D8 /* LaunchScreen.storyboard */ = {
			isa = PBXVariantGroup;
			children = (
				A0317CEE1C27ECCB00D4E3D8 /* Base */,
			);
			name = LaunchScreen.storyboard;
			sourceTree = "<group>";
		};
/* End PBXVariantGroup section */

/* Begin XCBuildConfiguration section */
		A0317CF11C27ECCB00D4E3D8 /* Debug */ = {
			isa = XCBuildConfiguration;
			buildSettings = {
				ALWAYS_SEARCH_USER_PATHS = NO;
				CLANG_CXX_LANGUAGE_STANDARD = "gnu++0x";
				CLANG_CXX_LIBRARY = "libc++";
				CLANG_ENABLE_MODULES = YES;
				CLANG_ENABLE_OBJC_ARC = YES;
				CLANG_WARN_BOOL_CONVERSION = YES;
				CLANG_WARN_CONSTANT_CONVERSION = YES;
				CLANG_WARN_DIRECT_OBJC_ISA_USAGE = YES_ERROR;
				CLANG_WARN_EMPTY_BODY = YES;
				CLANG_WARN_ENUM_CONVERSION = YES;
				CLANG_WARN_INT_CONVERSION = YES;
				CLANG_WARN_OBJC_ROOT_CLASS = YES_ERROR;
				CLANG_WARN_UNREACHABLE_CODE = YES;
				CLANG_WARN__DUPLICATE_METHOD_MATCH = YES;
				"CODE_SIGN_IDENTITY[sdk=iphoneos*]" = "iPhone Developer";
				COPY_PHASE_STRIP = NO;
				DEBUG_INFORMATION_FORMAT = dwarf;
				ENABLE_STRICT_OBJC_MSGSEND = YES;
				ENABLE_TESTABILITY = YES;
				GCC_C_LANGUAGE_STANDARD = gnu99;
				GCC_DYNAMIC_NO_PIC = NO;
				GCC_NO_COMMON_BLOCKS = YES;
				GCC_OPTIMIZATION_LEVEL = 0;
				GCC_PREPROCESSOR_DEFINITIONS = (
					"DEBUG=1",
					"$(inherited)",
				);
				GCC_WARN_64_TO_32_BIT_CONVERSION = YES;
				GCC_WARN_ABOUT_RETURN_TYPE = YES_ERROR;
				GCC_WARN_UNDECLARED_SELECTOR = YES;
				GCC_WARN_UNINITIALIZED_AUTOS = YES_AGGRESSIVE;
				GCC_WARN_UNUSED_FUNCTION = YES;
				GCC_WARN_UNUSED_VARIABLE = YES;
				IPHONEOS_DEPLOYMENT_TARGET = 9.2;
				MTL_ENABLE_DEBUG_INFO = YES;
				ONLY_ACTIVE_ARCH = YES;
				SDKROOT = iphoneos;
				SWIFT_OPTIMIZATION_LEVEL = "-Onone";
			};
			name = Debug;
		};
		A0317CF21C27ECCB00D4E3D8 /* Release */ = {
			isa = XCBuildConfiguration;
			buildSettings = {
				ALWAYS_SEARCH_USER_PATHS = NO;
				CLANG_CXX_LANGUAGE_STANDARD = "gnu++0x";
				CLANG_CXX_LIBRARY = "libc++";
				CLANG_ENABLE_MODULES = YES;
				CLANG_ENABLE_OBJC_ARC = YES;
				CLANG_WARN_BOOL_CONVERSION = YES;
				CLANG_WARN_CONSTANT_CONVERSION = YES;
				CLANG_WARN_DIRECT_OBJC_ISA_USAGE = YES_ERROR;
				CLANG_WARN_EMPTY_BODY = YES;
				CLANG_WARN_ENUM_CONVERSION = YES;
				CLANG_WARN_INT_CONVERSION = YES;
				CLANG_WARN_OBJC_ROOT_CLASS = YES_ERROR;
				CLANG_WARN_UNREACHABLE_CODE = YES;
				CLANG_WARN__DUPLICATE_METHOD_MATCH = YES;
				"CODE_SIGN_IDENTITY[sdk=iphoneos*]" = "iPhone Developer";
				COPY_PHASE_STRIP = NO;
				DEBUG_INFORMATION_FORMAT = "dwarf-with-dsym";
				ENABLE_NS_ASSERTIONS = NO;
				ENABLE_STRICT_OBJC_MSGSEND = YES;
				GCC_C_LANGUAGE_STANDARD = gnu99;
				GCC_NO_COMMON_BLOCKS = YES;
				GCC_WARN_64_TO_32_BIT_CONVERSION = YES;
				GCC_WARN_ABOUT_RETURN_TYPE = YES_ERROR;
				GCC_WARN_UNDECLARED_SELECTOR = YES;
				GCC_WARN_UNINITIALIZED_AUTOS = YES_AGGRESSIVE;
				GCC_WARN_UNUSED_FUNCTION = YES;
				GCC_WARN_UNUSED_VARIABLE = YES;
				IPHONEOS_DEPLOYMENT_TARGET = 9.2;
				MTL_ENABLE_DEBUG_INFO = NO;
				SDKROOT = iphoneos;
				VALIDATE_PRODUCT = YES;
			};
			name = Release;
		};
		A0317CF41C27ECCB00D4E3D8 /* Debug */ = {
			isa = XCBuildConfiguration;
			baseConfigurationReference = 611F472A8DE11766548F17B1 /* Pods.debug.xcconfig */;
			buildSettings = {
				ASSETCATALOG_COMPILER_APPICON_NAME = AppIcon;
				INFOPLIST_FILE = "Douban-Swift/Info.plist";
				LD_RUNPATH_SEARCH_PATHS = "$(inherited) @executable_path/Frameworks";
				PRODUCT_BUNDLE_IDENTIFIER = "cn.doyere.Douban-Swift";
				PRODUCT_NAME = "$(TARGET_NAME)";
			};
			name = Debug;
		};
		A0317CF51C27ECCB00D4E3D8 /* Release */ = {
			isa = XCBuildConfiguration;
			baseConfigurationReference = 10EC2287BCF5A3DFE28D11A6 /* Pods.release.xcconfig */;
			buildSettings = {
				ASSETCATALOG_COMPILER_APPICON_NAME = AppIcon;
				INFOPLIST_FILE = "Douban-Swift/Info.plist";
				LD_RUNPATH_SEARCH_PATHS = "$(inherited) @executable_path/Frameworks";
				PRODUCT_BUNDLE_IDENTIFIER = "cn.doyere.Douban-Swift";
				PRODUCT_NAME = "$(TARGET_NAME)";
			};
			name = Release;
		};
/* End XCBuildConfiguration section */

/* Begin XCConfigurationList section */
		A0317CDA1C27ECCB00D4E3D8 /* Build configuration list for PBXProject "Douban-Swift" */ = {
			isa = XCConfigurationList;
			buildConfigurations = (
				A0317CF11C27ECCB00D4E3D8 /* Debug */,
				A0317CF21C27ECCB00D4E3D8 /* Release */,
			);
			defaultConfigurationIsVisible = 0;
			defaultConfigurationName = Release;
		};
		A0317CF31C27ECCB00D4E3D8 /* Build configuration list for PBXNativeTarget "Douban-Swift" */ = {
			isa = XCConfigurationList;
			buildConfigurations = (
				A0317CF41C27ECCB00D4E3D8 /* Debug */,
				A0317CF51C27ECCB00D4E3D8 /* Release */,
			);
			defaultConfigurationIsVisible = 0;
			defaultConfigurationName = Release;
		};
/* End XCConfigurationList section */
	};
	rootObject = A0317CD71C27ECCB00D4E3D8 /* Project object */;
}
